
Microsoft Visual Studio Solution File, Format Version 12.00
# Visual Studio 15
VisualStudioVersion = 15.0.28307.572
MinimumVisualStudioVersion = 10.0.40219.1
Project("{9A19103F-16F7-4668-BE54-9A1E7A4F7556}") = "orchardTraining.Web", "src\orchardTraining.Web\orchardTraining.Web.csproj", "{B55CDC38-451C-4EDE-A831-30F05059C824}"
EndProject
Global
	GlobalSection(SolutionConfigurationPlatforms) = preSolution
		Debug|Any CPU = Debug|Any CPU
		Release|Any CPU = Release|Any CPU
	EndGlobalSection
	GlobalSection(ProjectConfigurationPlatforms) = postSolution
		{B55CDC38-451C-4EDE-A831-30F05059C824}.Debug|Any CPU.ActiveCfg = Debug|Any CPU
		{B55CDC38-451C-4EDE-A831-30F05059C824}.Debug|Any CPU.Build.0 = Debug|Any CPU
		{B55CDC38-451C-4EDE-A831-30F05059C824}.Release|Any CPU.ActiveCfg = Release|Any CPU
		{B55CDC38-451C-4EDE-A831-30F05059C824}.Release|Any CPU.Build.0 = Release|Any CPU
	EndGlobalSection
	GlobalSection(SolutionProperties) = preSolution
		HideSolutionNode = FALSE
	EndGlobalSection
	GlobalSection(ExtensibilityGlobals) = postSolution
		SolutionGuid = {72FFB82A-6F88-4AC0-BC87-4344B841271B}
	EndGlobalSection
EndGlobal
