
Microsoft Visual Studio Solution File, Format Version 12.00
# Visual Studio 15
VisualStudioVersion = 15.0.28307.572
MinimumVisualStudioVersion = 10.0.40219.1
Project("{9A19103F-16F7-4668-BE54-9A1E7A4F7556}") = "orchardTraining.Web", "src\orchardTraining.Web\orchardTraining.Web.csproj", "{B55CDC38-451C-4EDE-A831-30F05059C824}"
EndProject
Project("{2150E333-8FDC-42A3-9474-1A3956D46DE8}") = "src", "src", "{234059A4-2248-4A61-B53F-FEA6AEF241A0}"
EndProject
Project("{2150E333-8FDC-42A3-9474-1A3956D46DE8}") = "Modules", "Modules", "{2FE5895F-B65E-44DA-AE56-F0F71A8FD30F}"
EndProject
Project("{9A19103F-16F7-4668-BE54-9A1E7A4F7556}") = "Lombiq.TrainingDemo", "src\Modules\Lombiq.TrainingDemo\Lombiq.TrainingDemo.csproj", "{51CB8FB4-3AC5-433F-8A4F-429B40647447}"
EndProject
Project("{9A19103F-16F7-4668-BE54-9A1E7A4F7556}") = "Lombiq.VueJs", "src\Modules\Lombiq.VueJs\Lombiq.VueJs.csproj", "{DCB9ECB1-5133-442F-AB1A-28C93591F2B0}"
EndProject
Global
	GlobalSection(SolutionConfigurationPlatforms) = preSolution
		Debug|Any CPU = Debug|Any CPU
		Release|Any CPU = Release|Any CPU
	EndGlobalSection
	GlobalSection(ProjectConfigurationPlatforms) = postSolution
		{B55CDC38-451C-4EDE-A831-30F05059C824}.Debug|Any CPU.ActiveCfg = Debug|Any CPU
		{B55CDC38-451C-4EDE-A831-30F05059C824}.Debug|Any CPU.Build.0 = Debug|Any CPU
		{B55CDC38-451C-4EDE-A831-30F05059C824}.Release|Any CPU.ActiveCfg = Release|Any CPU
		{B55CDC38-451C-4EDE-A831-30F05059C824}.Release|Any CPU.Build.0 = Release|Any CPU
		{51CB8FB4-3AC5-433F-8A4F-429B40647447}.Debug|Any CPU.ActiveCfg = Debug|Any CPU
		{51CB8FB4-3AC5-433F-8A4F-429B40647447}.Debug|Any CPU.Build.0 = Debug|Any CPU
		{51CB8FB4-3AC5-433F-8A4F-429B40647447}.Release|Any CPU.ActiveCfg = Release|Any CPU
		{51CB8FB4-3AC5-433F-8A4F-429B40647447}.Release|Any CPU.Build.0 = Release|Any CPU
		{DCB9ECB1-5133-442F-AB1A-28C93591F2B0}.Debug|Any CPU.ActiveCfg = Debug|Any CPU
		{DCB9ECB1-5133-442F-AB1A-28C93591F2B0}.Debug|Any CPU.Build.0 = Debug|Any CPU
		{DCB9ECB1-5133-442F-AB1A-28C93591F2B0}.Release|Any CPU.ActiveCfg = Release|Any CPU
		{DCB9ECB1-5133-442F-AB1A-28C93591F2B0}.Release|Any CPU.Build.0 = Release|Any CPU
	EndGlobalSection
	GlobalSection(SolutionProperties) = preSolution
		HideSolutionNode = FALSE
	EndGlobalSection
	GlobalSection(NestedProjects) = preSolution
		{B55CDC38-451C-4EDE-A831-30F05059C824} = {234059A4-2248-4A61-B53F-FEA6AEF241A0}
		{2FE5895F-B65E-44DA-AE56-F0F71A8FD30F} = {234059A4-2248-4A61-B53F-FEA6AEF241A0}
		{51CB8FB4-3AC5-433F-8A4F-429B40647447} = {2FE5895F-B65E-44DA-AE56-F0F71A8FD30F}
		{DCB9ECB1-5133-442F-AB1A-28C93591F2B0} = {2FE5895F-B65E-44DA-AE56-F0F71A8FD30F}
	EndGlobalSection
	GlobalSection(ExtensibilityGlobals) = postSolution
		SolutionGuid = {72FFB82A-6F88-4AC0-BC87-4344B841271B}
	EndGlobalSection
EndGlobal
